
Microsoft Visual Studio Solution File, Format Version 12.00
# Visual Studio Version 17
VisualStudioVersion = 17.11.35431.28
MinimumVisualStudioVersion = 10.0.40219.1
Project("{FAE04EC0-301F-11D3-BF4B-00C04F79EFBC}") = "Eventei Api", "Eventei Api.csproj", "{11793E02-A4E3-4E3D-AD79-8AB5793F000C}"
EndProject
Global
	GlobalSection(SolutionConfigurationPlatforms) = preSolution
		Debug|Any CPU = Debug|Any CPU
		Release|Any CPU = Release|Any CPU
	EndGlobalSection
	GlobalSection(ProjectConfigurationPlatforms) = postSolution
		{11793E02-A4E3-4E3D-AD79-8AB5793F000C}.Debug|Any CPU.ActiveCfg = Debug|Any CPU
		{11793E02-A4E3-4E3D-AD79-8AB5793F000C}.Debug|Any CPU.Build.0 = Debug|Any CPU
		{11793E02-A4E3-4E3D-AD79-8AB5793F000C}.Release|Any CPU.ActiveCfg = Release|Any CPU
		{11793E02-A4E3-4E3D-AD79-8AB5793F000C}.Release|Any CPU.Build.0 = Release|Any CPU
	EndGlobalSection
	GlobalSection(SolutionProperties) = preSolution
		HideSolutionNode = FALSE
	EndGlobalSection
	GlobalSection(ExtensibilityGlobals) = postSolution
		SolutionGuid = {5166A8F6-456B-4F60-BA3D-47DFCEE53CF9}
	EndGlobalSection
EndGlobal
